// !$*UTF8*$!
{
	archiveVersion = 1;
	classes = {
	};
	objectVersion = 51;
	objects = {

/* Begin PBXBuildFile section */
		100B6C3A22A1311200C5262C /* HUDConfig.swift in Sources */ = {isa = PBXBuildFile; fileRef = 100B6C3922A1311200C5262C /* HUDConfig.swift */; };
		100B6C3C22A1335600C5262C /* AppSetupConfig.swift in Sources */ = {isa = PBXBuildFile; fileRef = 100B6C3B22A1335600C5262C /* AppSetupConfig.swift */; };
		100B6C3E22A1341100C5262C /* AppearanceConfig.swift in Sources */ = {isa = PBXBuildFile; fileRef = 100B6C3D22A1341100C5262C /* AppearanceConfig.swift */; };
		100B6C4022A145BD00C5262C /* ZZHud.swift in Sources */ = {isa = PBXBuildFile; fileRef = 100B6C3F22A145BD00C5262C /* ZZHud.swift */; };
		1014CF9F229391DF00294558 /* AppDelegate.swift in Sources */ = {isa = PBXBuildFile; fileRef = 1014CF9E229391DF00294558 /* AppDelegate.swift */; };
		1014CFA6229391E200294558 /* Assets.xcassets in Resources */ = {isa = PBXBuildFile; fileRef = 1014CFA5229391E200294558 /* Assets.xcassets */; };
		1014D0462293A6D700294558 /* HomeController.swift in Sources */ = {isa = PBXBuildFile; fileRef = 1014D0122293A6D700294558 /* HomeController.swift */; };
		1014D0472293A6D700294558 /* DateFormatter+ZZExtension.swift in Sources */ = {isa = PBXBuildFile; fileRef = 1014D0172293A6D700294558 /* DateFormatter+ZZExtension.swift */; };
		1014D0482293A6D700294558 /* NSNumber+ZZExtension.swift in Sources */ = {isa = PBXBuildFile; fileRef = 1014D0182293A6D700294558 /* NSNumber+ZZExtension.swift */; };
		1014D0492293A6D700294558 /* Timer+ZZExtension.swift in Sources */ = {isa = PBXBuildFile; fileRef = 1014D0192293A6D700294558 /* Timer+ZZExtension.swift */; };
		1014D04A2293A6D700294558 /* DispatchQueue+ZZExtension.swift in Sources */ = {isa = PBXBuildFile; fileRef = 1014D01A2293A6D700294558 /* DispatchQueue+ZZExtension.swift */; };
		1014D04B2293A6D700294558 /* String+ZZExtension.swift in Sources */ = {isa = PBXBuildFile; fileRef = 1014D01B2293A6D700294558 /* String+ZZExtension.swift */; };
		1014D04C2293A6D700294558 /* CGRect+ZZExtension.swift in Sources */ = {isa = PBXBuildFile; fileRef = 1014D01C2293A6D700294558 /* CGRect+ZZExtension.swift */; };
		1014D04D2293A6D700294558 /* Data+ZZExtension.swift in Sources */ = {isa = PBXBuildFile; fileRef = 1014D01D2293A6D700294558 /* Data+ZZExtension.swift */; };
		1014D04E2293A6D700294558 /* Locale+ZZExtension.swift in Sources */ = {isa = PBXBuildFile; fileRef = 1014D01E2293A6D700294558 /* Locale+ZZExtension.swift */; };
		1014D04F2293A6D700294558 /* Date+ZZExtension.swift in Sources */ = {isa = PBXBuildFile; fileRef = 1014D01F2293A6D700294558 /* Date+ZZExtension.swift */; };
		1014D0502293A6D700294558 /* NSObject+ZZExtension.swift in Sources */ = {isa = PBXBuildFile; fileRef = 1014D0202293A6D700294558 /* NSObject+ZZExtension.swift */; };
		1014D0512293A6D700294558 /* Calendar+ZZExtension.swift in Sources */ = {isa = PBXBuildFile; fileRef = 1014D0212293A6D700294558 /* Calendar+ZZExtension.swift */; };
		1014D0522293A6D700294558 /* UIViewController+ZZExtension.swift in Sources */ = {isa = PBXBuildFile; fileRef = 1014D0232293A6D700294558 /* UIViewController+ZZExtension.swift */; };
		1014D0532293A6D700294558 /* UIView+ZZExtension.swift in Sources */ = {isa = PBXBuildFile; fileRef = 1014D0242293A6D700294558 /* UIView+ZZExtension.swift */; };
		1014D0542293A6D700294558 /* UIColor+ZZExtension.swift in Sources */ = {isa = PBXBuildFile; fileRef = 1014D0252293A6D700294558 /* UIColor+ZZExtension.swift */; };
		1014D0552293A6D700294558 /* UIApplication+ZZExtension.swift in Sources */ = {isa = PBXBuildFile; fileRef = 1014D0262293A6D700294558 /* UIApplication+ZZExtension.swift */; };
		1014D0562293A6D700294558 /* UIImage+ZZExtension.swift in Sources */ = {isa = PBXBuildFile; fileRef = 1014D0272293A6D700294558 /* UIImage+ZZExtension.swift */; };
		1014D0572293A6D700294558 /* UILabel+ZZExtension.swift in Sources */ = {isa = PBXBuildFile; fileRef = 1014D0282293A6D700294558 /* UILabel+ZZExtension.swift */; };
		1014D0582293A6D700294558 /* UIImageView+ZZExtension.swift in Sources */ = {isa = PBXBuildFile; fileRef = 1014D0292293A6D700294558 /* UIImageView+ZZExtension.swift */; };
		1014D0592293A6D700294558 /* UIFont+ZZExtension.swift in Sources */ = {isa = PBXBuildFile; fileRef = 1014D02A2293A6D700294558 /* UIFont+ZZExtension.swift */; };
		1014D05A2293A6D700294558 /* UITextField+ZZExtension.swift in Sources */ = {isa = PBXBuildFile; fileRef = 1014D02B2293A6D700294558 /* UITextField+ZZExtension.swift */; };
		1014D05B2293A6D700294558 /* UIDevice+ZZExtension.swift in Sources */ = {isa = PBXBuildFile; fileRef = 1014D02C2293A6D700294558 /* UIDevice+ZZExtension.swift */; };
		1014D05C2293A6D700294558 /* UIScrollView+ZZExtension.swift in Sources */ = {isa = PBXBuildFile; fileRef = 1014D02D2293A6D700294558 /* UIScrollView+ZZExtension.swift */; };
		1014D05D2293A6D700294558 /* UITableView+ZZExtension.swift in Sources */ = {isa = PBXBuildFile; fileRef = 1014D02E2293A6D700294558 /* UITableView+ZZExtension.swift */; };
		1014D05E2293A6D700294558 /* UISceen+ZZExtension.swift in Sources */ = {isa = PBXBuildFile; fileRef = 1014D02F2293A6D700294558 /* UISceen+ZZExtension.swift */; };
		1014D05F2293A6D700294558 /* UIButton+ZZExtension.swift in Sources */ = {isa = PBXBuildFile; fileRef = 1014D0302293A6D700294558 /* UIButton+ZZExtension.swift */; };
		1014D0602293A6D700294558 /* UIAlertController+ZZExtension.swift in Sources */ = {isa = PBXBuildFile; fileRef = 1014D0312293A6D700294558 /* UIAlertController+ZZExtension.swift */; };
		1014D0612293A6D700294558 /* BaseTabBarController.swift in Sources */ = {isa = PBXBuildFile; fileRef = 1014D0382293A6D700294558 /* BaseTabBarController.swift */; };
		1014D0622293A6D700294558 /* BaseController.swift in Sources */ = {isa = PBXBuildFile; fileRef = 1014D0392293A6D700294558 /* BaseController.swift */; };
		1014D0632293A6D700294558 /* BaseNavigationController.swift in Sources */ = {isa = PBXBuildFile; fileRef = 1014D03A2293A6D700294558 /* BaseNavigationController.swift */; };
		1014D0642293A6D700294558 /* BaseModel.swift in Sources */ = {isa = PBXBuildFile; fileRef = 1014D03C2293A6D700294558 /* BaseModel.swift */; };
		1014D0652293A6D700294558 /* MineController.swift in Sources */ = {isa = PBXBuildFile; fileRef = 1014D0412293A6D700294558 /* MineController.swift */; };
		1014D0682293A75400294558 /* MainTabBarController.swift in Sources */ = {isa = PBXBuildFile; fileRef = 1014D0672293A75400294558 /* MainTabBarController.swift */; };
		1030AA87229CCF4700519CA4 /* TextTableViewCell.swift in Sources */ = {isa = PBXBuildFile; fileRef = 1030AA86229CCF4700519CA4 /* TextTableViewCell.swift */; };
		1030AA89229CD00B00519CA4 /* TextTableViewCellConfig.swift in Sources */ = {isa = PBXBuildFile; fileRef = 1030AA88229CD00B00519CA4 /* TextTableViewCellConfig.swift */; };
		1030AA8E229CD1AD00519CA4 /* FontExtension.swift in Sources */ = {isa = PBXBuildFile; fileRef = 1030AA8D229CD1AD00519CA4 /* FontExtension.swift */; };
		1030AA90229CD23D00519CA4 /* ColorExtension.swift in Sources */ = {isa = PBXBuildFile; fileRef = 1030AA8F229CD23D00519CA4 /* ColorExtension.swift */; };
		1030AA92229CDCB600519CA4 /* TableViewExtension.swift in Sources */ = {isa = PBXBuildFile; fileRef = 1030AA91229CDCB600519CA4 /* TableViewExtension.swift */; };
		1030AA94229CFAE300519CA4 /* BaseViewModel.swift in Sources */ = {isa = PBXBuildFile; fileRef = 1030AA93229CFAE300519CA4 /* BaseViewModel.swift */; };
		1030AA96229CFB2D00519CA4 /* MineViewModel.swift in Sources */ = {isa = PBXBuildFile; fileRef = 1030AA95229CFB2D00519CA4 /* MineViewModel.swift */; };
		1030AA9A229CFD9200519CA4 /* TextActionRow.swift in Sources */ = {isa = PBXBuildFile; fileRef = 1030AA99229CFD9200519CA4 /* TextActionRow.swift */; };
		1030AA9C229D17DF00519CA4 /* SettingController.swift in Sources */ = {isa = PBXBuildFile; fileRef = 1030AA9B229D17DE00519CA4 /* SettingController.swift */; };
		1030AA9E229D17FD00519CA4 /* SettingViewModel.swift in Sources */ = {isa = PBXBuildFile; fileRef = 1030AA9D229D17FD00519CA4 /* SettingViewModel.swift */; };
		1030AAA0229D1E5D00519CA4 /* ControllerExtension.swift in Sources */ = {isa = PBXBuildFile; fileRef = 1030AA9F229D1E5D00519CA4 /* ControllerExtension.swift */; };
		1030AAA2229D4B8E00519CA4 /* MineHeaderView.swift in Sources */ = {isa = PBXBuildFile; fileRef = 1030AAA1229D4B8E00519CA4 /* MineHeaderView.swift */; };
		1030AAAE229E6AF500519CA4 /* LoginController.swift in Sources */ = {isa = PBXBuildFile; fileRef = 1030AAAD229E6AF500519CA4 /* LoginController.swift */; };
		1030AAB2229E6B5A00519CA4 /* LoginViewModel.swift in Sources */ = {isa = PBXBuildFile; fileRef = 1030AAB1229E6B5A00519CA4 /* LoginViewModel.swift */; };
		1030AAB6229E6CD400519CA4 /* Network.swift in Sources */ = {isa = PBXBuildFile; fileRef = 1030AAB5229E6CD400519CA4 /* Network.swift */; };
		1030AABA229E7F0E00519CA4 /* UserApi.swift in Sources */ = {isa = PBXBuildFile; fileRef = 1030AAB9229E7F0E00519CA4 /* UserApi.swift */; };
		1030AABF229E868F00519CA4 /* InputFieldView.swift in Sources */ = {isa = PBXBuildFile; fileRef = 1030AABE229E868F00519CA4 /* InputFieldView.swift */; };
		1030AAC1229E871600519CA4 /* ViewExtension.swift in Sources */ = {isa = PBXBuildFile; fileRef = 1030AAC0229E871600519CA4 /* ViewExtension.swift */; };
		1030AAC3229FD52C00519CA4 /* NetworkConfig.swift in Sources */ = {isa = PBXBuildFile; fileRef = 1030AAC2229FD52C00519CA4 /* NetworkConfig.swift */; };
		104E3A7322B7A6F600A84DB2 /* NextGrowingInternalTextView.swift in Sources */ = {isa = PBXBuildFile; fileRef = 104E3A7122B7A6F600A84DB2 /* NextGrowingInternalTextView.swift */; };
		104E3A7422B7A6F600A84DB2 /* NextGrowingTextView.swift in Sources */ = {isa = PBXBuildFile; fileRef = 104E3A7222B7A6F600A84DB2 /* NextGrowingTextView.swift */; };
		104E3A7E22B8A99500A84DB2 /* ProfileController.swift in Sources */ = {isa = PBXBuildFile; fileRef = 104E3A7D22B8A99400A84DB2 /* ProfileController.swift */; };
		104E3A8222B8A9E200A84DB2 /* ProfileViewModel.swift in Sources */ = {isa = PBXBuildFile; fileRef = 104E3A8122B8A9E200A84DB2 /* ProfileViewModel.swift */; };
		104E3A8522B8AA4200A84DB2 /* ProfileHeaderView.swift in Sources */ = {isa = PBXBuildFile; fileRef = 104E3A8422B8AA4200A84DB2 /* ProfileHeaderView.swift */; };
		104E3A8722B8D61800A84DB2 /* BasicExtension.swift in Sources */ = {isa = PBXBuildFile; fileRef = 104E3A8622B8D61700A84DB2 /* BasicExtension.swift */; };
		105DBA7122A1731D00F55FE6 /* AppActivityIndicatorConfig.swift in Sources */ = {isa = PBXBuildFile; fileRef = 105DBA7022A1731D00F55FE6 /* AppActivityIndicatorConfig.swift */; };
		105DBA7922A6655800F55FE6 /* NSArray+HYBUnicodeReadable.m in Sources */ = {isa = PBXBuildFile; fileRef = 105DBA7322A6655800F55FE6 /* NSArray+HYBUnicodeReadable.m */; };
		105DBA7A22A6655800F55FE6 /* NSDictionary+HYBUnicodeReadable.m in Sources */ = {isa = PBXBuildFile; fileRef = 105DBA7422A6655800F55FE6 /* NSDictionary+HYBUnicodeReadable.m */; };
		105DBA7B22A6655800F55FE6 /* NSSet+HYBUnicodeReadable.m in Sources */ = {isa = PBXBuildFile; fileRef = 105DBA7522A6655800F55FE6 /* NSSet+HYBUnicodeReadable.m */; };
		10CAF38C22A7CC8B00F20E81 /* AuthApi.swift in Sources */ = {isa = PBXBuildFile; fileRef = 10CAF38B22A7CC8B00F20E81 /* AuthApi.swift */; };
		10CAF38E22A8B5DF00F20E81 /* PatientInfoModel.swift in Sources */ = {isa = PBXBuildFile; fileRef = 10CAF38D22A8B5DF00F20E81 /* PatientInfoModel.swift */; };
		10CAF39122A8BB9C00F20E81 /* PatientManager.swift in Sources */ = {isa = PBXBuildFile; fileRef = 10CAF39022A8BB9C00F20E81 /* PatientManager.swift */; };
		10CAF3AE22A8DDDC00F20E81 /* WXManager.swift in Sources */ = {isa = PBXBuildFile; fileRef = 10CAF3AD22A8DDDC00F20E81 /* WXManager.swift */; };
		10CAF3CC22A90BC400F20E81 /* GetIDCardPicturesController.swift in Sources */ = {isa = PBXBuildFile; fileRef = 10CAF3CB22A90BC400F20E81 /* GetIDCardPicturesController.swift */; };
		10CAF3CE22A917ED00F20E81 /* SizeColorConfig.swift in Sources */ = {isa = PBXBuildFile; fileRef = 10CAF3CD22A917ED00F20E81 /* SizeColorConfig.swift */; };
		10CAF3D022ADE83D00F20E81 /* ConstraintExtension.swift in Sources */ = {isa = PBXBuildFile; fileRef = 10CAF3CF22ADE83D00F20E81 /* ConstraintExtension.swift */; };
		10CAF3D422ADFCB200F20E81 /* GetRealNameTipView.swift in Sources */ = {isa = PBXBuildFile; fileRef = 10CAF3D322ADFCB200F20E81 /* GetRealNameTipView.swift */; };
		10CAF3D622AE00B400F20E81 /* LinkedLabel.swift in Sources */ = {isa = PBXBuildFile; fileRef = 10CAF3D522AE00B400F20E81 /* LinkedLabel.swift */; };
		10CAF3D822AE081B00F20E81 /* BaseView.swift in Sources */ = {isa = PBXBuildFile; fileRef = 10CAF3D722AE081B00F20E81 /* BaseView.swift */; };
		10CAF3DA22AE21F700F20E81 /* DrawablePanel.swift in Sources */ = {isa = PBXBuildFile; fileRef = 10CAF3D922AE21F700F20E81 /* DrawablePanel.swift */; };
		10CAF3DC22AE339700F20E81 /* DrawableView.swift in Sources */ = {isa = PBXBuildFile; fileRef = 10CAF3DB22AE339700F20E81 /* DrawableView.swift */; };
		10CAF3DE22AF42DD00F20E81 /* RCManager.swift in Sources */ = {isa = PBXBuildFile; fileRef = 10CAF3DD22AF42DD00F20E81 /* RCManager.swift */; };
		10CAF3E022AF7CFC00F20E81 /* DoctorApi.swift in Sources */ = {isa = PBXBuildFile; fileRef = 10CAF3DF22AF7CFC00F20E81 /* DoctorApi.swift */; };
		10CAF3E322AF9C4D00F20E81 /* DoctorInfoModel.swift in Sources */ = {isa = PBXBuildFile; fileRef = 10CAF3E222AF9C4D00F20E81 /* DoctorInfoModel.swift */; };
		10CAF3E522AFAFB600F20E81 /* RongCallKit.framework in Frameworks */ = {isa = PBXBuildFile; fileRef = 10CAF3E422AFAFB600F20E81 /* RongCallKit.framework */; };
		A881DD3C9A26108C9D825B66 /* Pods_patient.framework in Frameworks */ = {isa = PBXBuildFile; fileRef = E9153057767E54CA68B84852 /* Pods_patient.framework */; };
/* End PBXBuildFile section */

/* Begin PBXFileReference section */
		100B6C3922A1311200C5262C /* HUDConfig.swift */ = {isa = PBXFileReference; lastKnownFileType = sourcecode.swift; path = HUDConfig.swift; sourceTree = "<group>"; };
		100B6C3B22A1335600C5262C /* AppSetupConfig.swift */ = {isa = PBXFileReference; lastKnownFileType = sourcecode.swift; path = AppSetupConfig.swift; sourceTree = "<group>"; };
		100B6C3D22A1341100C5262C /* AppearanceConfig.swift */ = {isa = PBXFileReference; lastKnownFileType = sourcecode.swift; path = AppearanceConfig.swift; sourceTree = "<group>"; };
		100B6C3F22A145BD00C5262C /* ZZHud.swift */ = {isa = PBXFileReference; fileEncoding = 4; lastKnownFileType = sourcecode.swift; path = ZZHud.swift; sourceTree = "<group>"; };
		1014CF9B229391DF00294558 /* patient.app */ = {isa = PBXFileReference; explicitFileType = wrapper.application; includeInIndex = 0; path = patient.app; sourceTree = BUILT_PRODUCTS_DIR; };
		1014CF9E229391DF00294558 /* AppDelegate.swift */ = {isa = PBXFileReference; lastKnownFileType = sourcecode.swift; path = AppDelegate.swift; sourceTree = "<group>"; };
		1014CFA5229391E200294558 /* Assets.xcassets */ = {isa = PBXFileReference; lastKnownFileType = folder.assetcatalog; path = Assets.xcassets; sourceTree = "<group>"; };
		1014CFAA229391E200294558 /* Info.plist */ = {isa = PBXFileReference; lastKnownFileType = text.plist.xml; path = Info.plist; sourceTree = "<group>"; };
		1014D0122293A6D700294558 /* HomeController.swift */ = {isa = PBXFileReference; fileEncoding = 4; lastKnownFileType = sourcecode.swift; path = HomeController.swift; sourceTree = "<group>"; };
		1014D0172293A6D700294558 /* DateFormatter+ZZExtension.swift */ = {isa = PBXFileReference; fileEncoding = 4; lastKnownFileType = sourcecode.swift; path = "DateFormatter+ZZExtension.swift"; sourceTree = "<group>"; };
		1014D0182293A6D700294558 /* NSNumber+ZZExtension.swift */ = {isa = PBXFileReference; fileEncoding = 4; lastKnownFileType = sourcecode.swift; path = "NSNumber+ZZExtension.swift"; sourceTree = "<group>"; };
		1014D0192293A6D700294558 /* Timer+ZZExtension.swift */ = {isa = PBXFileReference; fileEncoding = 4; lastKnownFileType = sourcecode.swift; path = "Timer+ZZExtension.swift"; sourceTree = "<group>"; };
		1014D01A2293A6D700294558 /* DispatchQueue+ZZExtension.swift */ = {isa = PBXFileReference; fileEncoding = 4; lastKnownFileType = sourcecode.swift; path = "DispatchQueue+ZZExtension.swift"; sourceTree = "<group>"; };
		1014D01B2293A6D700294558 /* String+ZZExtension.swift */ = {isa = PBXFileReference; fileEncoding = 4; lastKnownFileType = sourcecode.swift; path = "String+ZZExtension.swift"; sourceTree = "<group>"; };
		1014D01C2293A6D700294558 /* CGRect+ZZExtension.swift */ = {isa = PBXFileReference; fileEncoding = 4; lastKnownFileType = sourcecode.swift; path = "CGRect+ZZExtension.swift"; sourceTree = "<group>"; };
		1014D01D2293A6D700294558 /* Data+ZZExtension.swift */ = {isa = PBXFileReference; fileEncoding = 4; lastKnownFileType = sourcecode.swift; path = "Data+ZZExtension.swift"; sourceTree = "<group>"; };
		1014D01E2293A6D700294558 /* Locale+ZZExtension.swift */ = {isa = PBXFileReference; fileEncoding = 4; lastKnownFileType = sourcecode.swift; path = "Locale+ZZExtension.swift"; sourceTree = "<group>"; };
		1014D01F2293A6D700294558 /* Date+ZZExtension.swift */ = {isa = PBXFileReference; fileEncoding = 4; lastKnownFileType = sourcecode.swift; path = "Date+ZZExtension.swift"; sourceTree = "<group>"; };
		1014D0202293A6D700294558 /* NSObject+ZZExtension.swift */ = {isa = PBXFileReference; fileEncoding = 4; lastKnownFileType = sourcecode.swift; path = "NSObject+ZZExtension.swift"; sourceTree = "<group>"; };
		1014D0212293A6D700294558 /* Calendar+ZZExtension.swift */ = {isa = PBXFileReference; fileEncoding = 4; lastKnownFileType = sourcecode.swift; path = "Calendar+ZZExtension.swift"; sourceTree = "<group>"; };
		1014D0232293A6D700294558 /* UIViewController+ZZExtension.swift */ = {isa = PBXFileReference; fileEncoding = 4; lastKnownFileType = sourcecode.swift; path = "UIViewController+ZZExtension.swift"; sourceTree = "<group>"; };
		1014D0242293A6D700294558 /* UIView+ZZExtension.swift */ = {isa = PBXFileReference; fileEncoding = 4; lastKnownFileType = sourcecode.swift; path = "UIView+ZZExtension.swift"; sourceTree = "<group>"; };
		1014D0252293A6D700294558 /* UIColor+ZZExtension.swift */ = {isa = PBXFileReference; fileEncoding = 4; lastKnownFileType = sourcecode.swift; path = "UIColor+ZZExtension.swift"; sourceTree = "<group>"; };
		1014D0262293A6D700294558 /* UIApplication+ZZExtension.swift */ = {isa = PBXFileReference; fileEncoding = 4; lastKnownFileType = sourcecode.swift; path = "UIApplication+ZZExtension.swift"; sourceTree = "<group>"; };
		1014D0272293A6D700294558 /* UIImage+ZZExtension.swift */ = {isa = PBXFileReference; fileEncoding = 4; lastKnownFileType = sourcecode.swift; path = "UIImage+ZZExtension.swift"; sourceTree = "<group>"; };
		1014D0282293A6D700294558 /* UILabel+ZZExtension.swift */ = {isa = PBXFileReference; fileEncoding = 4; lastKnownFileType = sourcecode.swift; path = "UILabel+ZZExtension.swift"; sourceTree = "<group>"; };
		1014D0292293A6D700294558 /* UIImageView+ZZExtension.swift */ = {isa = PBXFileReference; fileEncoding = 4; lastKnownFileType = sourcecode.swift; path = "UIImageView+ZZExtension.swift"; sourceTree = "<group>"; };
		1014D02A2293A6D700294558 /* UIFont+ZZExtension.swift */ = {isa = PBXFileReference; fileEncoding = 4; lastKnownFileType = sourcecode.swift; path = "UIFont+ZZExtension.swift"; sourceTree = "<group>"; };
		1014D02B2293A6D700294558 /* UITextField+ZZExtension.swift */ = {isa = PBXFileReference; fileEncoding = 4; lastKnownFileType = sourcecode.swift; path = "UITextField+ZZExtension.swift"; sourceTree = "<group>"; };
		1014D02C2293A6D700294558 /* UIDevice+ZZExtension.swift */ = {isa = PBXFileReference; fileEncoding = 4; lastKnownFileType = sourcecode.swift; path = "UIDevice+ZZExtension.swift"; sourceTree = "<group>"; };
		1014D02D2293A6D700294558 /* UIScrollView+ZZExtension.swift */ = {isa = PBXFileReference; fileEncoding = 4; lastKnownFileType = sourcecode.swift; path = "UIScrollView+ZZExtension.swift"; sourceTree = "<group>"; };
		1014D02E2293A6D700294558 /* UITableView+ZZExtension.swift */ = {isa = PBXFileReference; fileEncoding = 4; lastKnownFileType = sourcecode.swift; path = "UITableView+ZZExtension.swift"; sourceTree = "<group>"; };
		1014D02F2293A6D700294558 /* UISceen+ZZExtension.swift */ = {isa = PBXFileReference; fileEncoding = 4; lastKnownFileType = sourcecode.swift; path = "UISceen+ZZExtension.swift"; sourceTree = "<group>"; };
		1014D0302293A6D700294558 /* UIButton+ZZExtension.swift */ = {isa = PBXFileReference; fileEncoding = 4; lastKnownFileType = sourcecode.swift; path = "UIButton+ZZExtension.swift"; sourceTree = "<group>"; };
		1014D0312293A6D700294558 /* UIAlertController+ZZExtension.swift */ = {isa = PBXFileReference; fileEncoding = 4; lastKnownFileType = sourcecode.swift; path = "UIAlertController+ZZExtension.swift"; sourceTree = "<group>"; };
		1014D0382293A6D700294558 /* BaseTabBarController.swift */ = {isa = PBXFileReference; fileEncoding = 4; lastKnownFileType = sourcecode.swift; path = BaseTabBarController.swift; sourceTree = "<group>"; };
		1014D0392293A6D700294558 /* BaseController.swift */ = {isa = PBXFileReference; fileEncoding = 4; lastKnownFileType = sourcecode.swift; path = BaseController.swift; sourceTree = "<group>"; };
		1014D03A2293A6D700294558 /* BaseNavigationController.swift */ = {isa = PBXFileReference; fileEncoding = 4; lastKnownFileType = sourcecode.swift; path = BaseNavigationController.swift; sourceTree = "<group>"; };
		1014D03C2293A6D700294558 /* BaseModel.swift */ = {isa = PBXFileReference; fileEncoding = 4; lastKnownFileType = sourcecode.swift; path = BaseModel.swift; sourceTree = "<group>"; };
		1014D0412293A6D700294558 /* MineController.swift */ = {isa = PBXFileReference; fileEncoding = 4; lastKnownFileType = sourcecode.swift; path = MineController.swift; sourceTree = "<group>"; };
		1014D0672293A75400294558 /* MainTabBarController.swift */ = {isa = PBXFileReference; lastKnownFileType = sourcecode.swift; path = MainTabBarController.swift; sourceTree = "<group>"; };
		1030AA86229CCF4700519CA4 /* TextTableViewCell.swift */ = {isa = PBXFileReference; lastKnownFileType = sourcecode.swift; path = TextTableViewCell.swift; sourceTree = "<group>"; };
		1030AA88229CD00B00519CA4 /* TextTableViewCellConfig.swift */ = {isa = PBXFileReference; lastKnownFileType = sourcecode.swift; path = TextTableViewCellConfig.swift; sourceTree = "<group>"; };
		1030AA8D229CD1AD00519CA4 /* FontExtension.swift */ = {isa = PBXFileReference; lastKnownFileType = sourcecode.swift; path = FontExtension.swift; sourceTree = "<group>"; };
		1030AA8F229CD23D00519CA4 /* ColorExtension.swift */ = {isa = PBXFileReference; lastKnownFileType = sourcecode.swift; path = ColorExtension.swift; sourceTree = "<group>"; };
		1030AA91229CDCB600519CA4 /* TableViewExtension.swift */ = {isa = PBXFileReference; lastKnownFileType = sourcecode.swift; path = TableViewExtension.swift; sourceTree = "<group>"; };
		1030AA93229CFAE300519CA4 /* BaseViewModel.swift */ = {isa = PBXFileReference; lastKnownFileType = sourcecode.swift; path = BaseViewModel.swift; sourceTree = "<group>"; };
		1030AA95229CFB2D00519CA4 /* MineViewModel.swift */ = {isa = PBXFileReference; lastKnownFileType = sourcecode.swift; path = MineViewModel.swift; sourceTree = "<group>"; };
		1030AA99229CFD9200519CA4 /* TextActionRow.swift */ = {isa = PBXFileReference; lastKnownFileType = sourcecode.swift; path = TextActionRow.swift; sourceTree = "<group>"; };
		1030AA9B229D17DE00519CA4 /* SettingController.swift */ = {isa = PBXFileReference; lastKnownFileType = sourcecode.swift; path = SettingController.swift; sourceTree = "<group>"; };
		1030AA9D229D17FD00519CA4 /* SettingViewModel.swift */ = {isa = PBXFileReference; lastKnownFileType = sourcecode.swift; path = SettingViewModel.swift; sourceTree = "<group>"; };
		1030AA9F229D1E5D00519CA4 /* ControllerExtension.swift */ = {isa = PBXFileReference; lastKnownFileType = sourcecode.swift; path = ControllerExtension.swift; sourceTree = "<group>"; };
		1030AAA1229D4B8E00519CA4 /* MineHeaderView.swift */ = {isa = PBXFileReference; lastKnownFileType = sourcecode.swift; path = MineHeaderView.swift; sourceTree = "<group>"; };
		1030AAAD229E6AF500519CA4 /* LoginController.swift */ = {isa = PBXFileReference; lastKnownFileType = sourcecode.swift; path = LoginController.swift; sourceTree = "<group>"; };
		1030AAB1229E6B5A00519CA4 /* LoginViewModel.swift */ = {isa = PBXFileReference; lastKnownFileType = sourcecode.swift; path = LoginViewModel.swift; sourceTree = "<group>"; };
		1030AAB5229E6CD400519CA4 /* Network.swift */ = {isa = PBXFileReference; lastKnownFileType = sourcecode.swift; name = Network.swift; path = ../Config/Network.swift; sourceTree = "<group>"; };
		1030AAB9229E7F0E00519CA4 /* UserApi.swift */ = {isa = PBXFileReference; lastKnownFileType = sourcecode.swift; path = UserApi.swift; sourceTree = "<group>"; };
		1030AABE229E868F00519CA4 /* InputFieldView.swift */ = {isa = PBXFileReference; lastKnownFileType = sourcecode.swift; path = InputFieldView.swift; sourceTree = "<group>"; };
		1030AAC0229E871600519CA4 /* ViewExtension.swift */ = {isa = PBXFileReference; lastKnownFileType = sourcecode.swift; path = ViewExtension.swift; sourceTree = "<group>"; };
		1030AAC2229FD52C00519CA4 /* NetworkConfig.swift */ = {isa = PBXFileReference; lastKnownFileType = sourcecode.swift; path = NetworkConfig.swift; sourceTree = "<group>"; };
		104E3A7122B7A6F600A84DB2 /* NextGrowingInternalTextView.swift */ = {isa = PBXFileReference; fileEncoding = 4; lastKnownFileType = sourcecode.swift; path = NextGrowingInternalTextView.swift; sourceTree = "<group>"; };
		104E3A7222B7A6F600A84DB2 /* NextGrowingTextView.swift */ = {isa = PBXFileReference; fileEncoding = 4; lastKnownFileType = sourcecode.swift; path = NextGrowingTextView.swift; sourceTree = "<group>"; };
		104E3A7D22B8A99400A84DB2 /* ProfileController.swift */ = {isa = PBXFileReference; lastKnownFileType = sourcecode.swift; path = ProfileController.swift; sourceTree = "<group>"; };
		104E3A8122B8A9E200A84DB2 /* ProfileViewModel.swift */ = {isa = PBXFileReference; lastKnownFileType = sourcecode.swift; path = ProfileViewModel.swift; sourceTree = "<group>"; };
		104E3A8422B8AA4200A84DB2 /* ProfileHeaderView.swift */ = {isa = PBXFileReference; lastKnownFileType = sourcecode.swift; path = ProfileHeaderView.swift; sourceTree = "<group>"; };
		104E3A8622B8D61700A84DB2 /* BasicExtension.swift */ = {isa = PBXFileReference; lastKnownFileType = sourcecode.swift; path = BasicExtension.swift; sourceTree = "<group>"; };
		105DBA7022A1731D00F55FE6 /* AppActivityIndicatorConfig.swift */ = {isa = PBXFileReference; lastKnownFileType = sourcecode.swift; path = AppActivityIndicatorConfig.swift; sourceTree = "<group>"; };
		105DBA7322A6655800F55FE6 /* NSArray+HYBUnicodeReadable.m */ = {isa = PBXFileReference; fileEncoding = 4; lastKnownFileType = sourcecode.c.objc; path = "NSArray+HYBUnicodeReadable.m"; sourceTree = "<group>"; };
		105DBA7422A6655800F55FE6 /* NSDictionary+HYBUnicodeReadable.m */ = {isa = PBXFileReference; fileEncoding = 4; lastKnownFileType = sourcecode.c.objc; path = "NSDictionary+HYBUnicodeReadable.m"; sourceTree = "<group>"; };
		105DBA7522A6655800F55FE6 /* NSSet+HYBUnicodeReadable.m */ = {isa = PBXFileReference; fileEncoding = 4; lastKnownFileType = sourcecode.c.objc; path = "NSSet+HYBUnicodeReadable.m"; sourceTree = "<group>"; };
		105DBA7622A6655800F55FE6 /* NSArray+HYBUnicodeReadable.h */ = {isa = PBXFileReference; fileEncoding = 4; lastKnownFileType = sourcecode.c.h; path = "NSArray+HYBUnicodeReadable.h"; sourceTree = "<group>"; };
		105DBA7722A6655800F55FE6 /* NSDictionary+HYBUnicodeReadable.h */ = {isa = PBXFileReference; fileEncoding = 4; lastKnownFileType = sourcecode.c.h; path = "NSDictionary+HYBUnicodeReadable.h"; sourceTree = "<group>"; };
		105DBA7822A6655800F55FE6 /* NSSet+HYBUnicodeReadable.h */ = {isa = PBXFileReference; fileEncoding = 4; lastKnownFileType = sourcecode.c.h; path = "NSSet+HYBUnicodeReadable.h"; sourceTree = "<group>"; };
		10CAF38B22A7CC8B00F20E81 /* AuthApi.swift */ = {isa = PBXFileReference; lastKnownFileType = sourcecode.swift; path = AuthApi.swift; sourceTree = "<group>"; };
		10CAF38D22A8B5DF00F20E81 /* PatientInfoModel.swift */ = {isa = PBXFileReference; lastKnownFileType = sourcecode.swift; path = PatientInfoModel.swift; sourceTree = "<group>"; };
		10CAF39022A8BB9C00F20E81 /* PatientManager.swift */ = {isa = PBXFileReference; lastKnownFileType = sourcecode.swift; path = PatientManager.swift; sourceTree = "<group>"; };
		10CAF3AD22A8DDDC00F20E81 /* WXManager.swift */ = {isa = PBXFileReference; lastKnownFileType = sourcecode.swift; path = WXManager.swift; sourceTree = "<group>"; };
		10CAF3CA22A8DF4100F20E81 /* patient-Bridge.h */ = {isa = PBXFileReference; lastKnownFileType = sourcecode.c.h; path = "patient-Bridge.h"; sourceTree = "<group>"; };
		10CAF3CB22A90BC400F20E81 /* GetIDCardPicturesController.swift */ = {isa = PBXFileReference; lastKnownFileType = sourcecode.swift; path = GetIDCardPicturesController.swift; sourceTree = "<group>"; };
		10CAF3CD22A917ED00F20E81 /* SizeColorConfig.swift */ = {isa = PBXFileReference; lastKnownFileType = sourcecode.swift; path = SizeColorConfig.swift; sourceTree = "<group>"; };
		10CAF3CF22ADE83D00F20E81 /* ConstraintExtension.swift */ = {isa = PBXFileReference; lastKnownFileType = sourcecode.swift; path = ConstraintExtension.swift; sourceTree = "<group>"; };
		10CAF3D322ADFCB200F20E81 /* GetRealNameTipView.swift */ = {isa = PBXFileReference; lastKnownFileType = sourcecode.swift; path = GetRealNameTipView.swift; sourceTree = "<group>"; };
		10CAF3D522AE00B400F20E81 /* LinkedLabel.swift */ = {isa = PBXFileReference; fileEncoding = 4; lastKnownFileType = sourcecode.swift; path = LinkedLabel.swift; sourceTree = "<group>"; };
		10CAF3D722AE081B00F20E81 /* BaseView.swift */ = {isa = PBXFileReference; lastKnownFileType = sourcecode.swift; path = BaseView.swift; sourceTree = "<group>"; };
		10CAF3D922AE21F700F20E81 /* DrawablePanel.swift */ = {isa = PBXFileReference; lastKnownFileType = sourcecode.swift; path = DrawablePanel.swift; sourceTree = "<group>"; };
		10CAF3DB22AE339700F20E81 /* DrawableView.swift */ = {isa = PBXFileReference; lastKnownFileType = sourcecode.swift; path = DrawableView.swift; sourceTree = "<group>"; };
		10CAF3DD22AF42DD00F20E81 /* RCManager.swift */ = {isa = PBXFileReference; lastKnownFileType = sourcecode.swift; path = RCManager.swift; sourceTree = "<group>"; };
		10CAF3DF22AF7CFC00F20E81 /* DoctorApi.swift */ = {isa = PBXFileReference; lastKnownFileType = sourcecode.swift; path = DoctorApi.swift; sourceTree = "<group>"; };
		10CAF3E222AF9C4D00F20E81 /* DoctorInfoModel.swift */ = {isa = PBXFileReference; lastKnownFileType = sourcecode.swift; path = DoctorInfoModel.swift; sourceTree = "<group>"; };
		10CAF3E422AFAFB600F20E81 /* RongCallKit.framework */ = {isa = PBXFileReference; lastKnownFileType = wrapper.framework; name = RongCallKit.framework; path = Pods/RongCloudRTC/RongCloudRTC/RongCallKit.framework; sourceTree = "<group>"; };
		2D6B776BE61F86B4D7A20216 /* Pods-patient.release.xcconfig */ = {isa = PBXFileReference; includeInIndex = 1; lastKnownFileType = text.xcconfig; name = "Pods-patient.release.xcconfig"; path = "Target Support Files/Pods-patient/Pods-patient.release.xcconfig"; sourceTree = "<group>"; };
		D5D2203C6979B39CBBEBF50F /* Pods-patient.debug.xcconfig */ = {isa = PBXFileReference; includeInIndex = 1; lastKnownFileType = text.xcconfig; name = "Pods-patient.debug.xcconfig"; path = "Target Support Files/Pods-patient/Pods-patient.debug.xcconfig"; sourceTree = "<group>"; };
		E9153057767E54CA68B84852 /* Pods_patient.framework */ = {isa = PBXFileReference; explicitFileType = wrapper.framework; includeInIndex = 0; path = Pods_patient.framework; sourceTree = BUILT_PRODUCTS_DIR; };
/* End PBXFileReference section */

/* Begin PBXFrameworksBuildPhase section */
		1014CF98229391DF00294558 /* Frameworks */ = {
			isa = PBXFrameworksBuildPhase;
			buildActionMask = 2147483647;
			files = (
				10CAF3E522AFAFB600F20E81 /* RongCallKit.framework in Frameworks */,
				A881DD3C9A26108C9D825B66 /* Pods_patient.framework in Frameworks */,
			);
			runOnlyForDeploymentPostprocessing = 0;
		};
/* End PBXFrameworksBuildPhase section */

/* Begin PBXGroup section */
		1014CF92229391DF00294558 = {
			isa = PBXGroup;
			children = (
				1014CF9D229391DF00294558 /* patient */,
				1014CF9C229391DF00294558 /* Products */,
				23724EEF2FE00151F84E95C2 /* Pods */,
				63206486C1EFA5B7A6507BB9 /* Frameworks */,
			);
			sourceTree = "<group>";
		};
		1014CF9C229391DF00294558 /* Products */ = {
			isa = PBXGroup;
			children = (
				1014CF9B229391DF00294558 /* patient.app */,
			);
			name = Products;
			sourceTree = "<group>";
		};
		1014CF9D229391DF00294558 /* patient */ = {
			isa = PBXGroup;
			children = (
				1014D00E2293A6D700294558 /* Class */,
				1014CF9E229391DF00294558 /* AppDelegate.swift */,
				1014CFA5229391E200294558 /* Assets.xcassets */,
				1014CFAA229391E200294558 /* Info.plist */,
			);
			path = patient;
			sourceTree = "<group>";
		};
		1014D00E2293A6D700294558 /* Class */ = {
			isa = PBXGroup;
			children = (
				104E3A7B22B892E800A84DB2 /* Modules */,
				1014D079229CCB0900294558 /* Common */,
				1014D0152293A6D700294558 /* Util */,
				1014D0322293A6D700294558 /* Config */,
				1014D0332293A6D700294558 /* Network */,
				1014D0342293A6D700294558 /* Other */,
				1014D0452293A6D700294558 /* Vender */,
			);
			path = Class;
			sourceTree = "<group>";
		};
		1014D00F2293A6D700294558 /* Home */ = {
			isa = PBXGroup;
			children = (
				1014D0102293A6D700294558 /* ViewModel */,
				1014D0112293A6D700294558 /* Controller */,
				1014D0132293A6D700294558 /* Model */,
				1014D0142293A6D700294558 /* View */,
			);
			path = Home;
			sourceTree = "<group>";
		};
		1014D0102293A6D700294558 /* ViewModel */ = {
			isa = PBXGroup;
			children = (
			);
			path = ViewModel;
			sourceTree = "<group>";
		};
		1014D0112293A6D700294558 /* Controller */ = {
			isa = PBXGroup;
			children = (
				1014D0122293A6D700294558 /* HomeController.swift */,
			);
			path = Controller;
			sourceTree = "<group>";
		};
		1014D0132293A6D700294558 /* Model */ = {
			isa = PBXGroup;
			children = (
			);
			path = Model;
			sourceTree = "<group>";
		};
		1014D0142293A6D700294558 /* View */ = {
			isa = PBXGroup;
			children = (
			);
			path = View;
			sourceTree = "<group>";
		};
		1014D0152293A6D700294558 /* Util */ = {
			isa = PBXGroup;
			children = (
				10CAF38F22A8BB5900F20E81 /* Managers */,
				1030AABB229E864900519CA4 /* Views */,
				1030AA8C229CD19200519CA4 /* Extension */,
				1014D0162293A6D700294558 /* ZZNSExtension */,
				1014D0222293A6D700294558 /* ZZUIExtension */,
			);
			path = Util;
			sourceTree = "<group>";
		};
		1014D0162293A6D700294558 /* ZZNSExtension */ = {
			isa = PBXGroup;
			children = (
				1014D0172293A6D700294558 /* DateFormatter+ZZExtension.swift */,
				1014D0182293A6D700294558 /* NSNumber+ZZExtension.swift */,
				1014D0192293A6D700294558 /* Timer+ZZExtension.swift */,
				1014D01A2293A6D700294558 /* DispatchQueue+ZZExtension.swift */,
				1014D01B2293A6D700294558 /* String+ZZExtension.swift */,
				1014D01C2293A6D700294558 /* CGRect+ZZExtension.swift */,
				1014D01D2293A6D700294558 /* Data+ZZExtension.swift */,
				1014D01E2293A6D700294558 /* Locale+ZZExtension.swift */,
				1014D01F2293A6D700294558 /* Date+ZZExtension.swift */,
				1014D0202293A6D700294558 /* NSObject+ZZExtension.swift */,
				1014D0212293A6D700294558 /* Calendar+ZZExtension.swift */,
			);
			path = ZZNSExtension;
			sourceTree = "<group>";
		};
		1014D0222293A6D700294558 /* ZZUIExtension */ = {
			isa = PBXGroup;
			children = (
				1014D0232293A6D700294558 /* UIViewController+ZZExtension.swift */,
				1014D0242293A6D700294558 /* UIView+ZZExtension.swift */,
				1014D0252293A6D700294558 /* UIColor+ZZExtension.swift */,
				1014D0262293A6D700294558 /* UIApplication+ZZExtension.swift */,
				1014D0272293A6D700294558 /* UIImage+ZZExtension.swift */,
				1014D0282293A6D700294558 /* UILabel+ZZExtension.swift */,
				1014D0292293A6D700294558 /* UIImageView+ZZExtension.swift */,
				1014D02A2293A6D700294558 /* UIFont+ZZExtension.swift */,
				1014D02B2293A6D700294558 /* UITextField+ZZExtension.swift */,
				1014D02C2293A6D700294558 /* UIDevice+ZZExtension.swift */,
				1014D02D2293A6D700294558 /* UIScrollView+ZZExtension.swift */,
				1014D02E2293A6D700294558 /* UITableView+ZZExtension.swift */,
				1014D02F2293A6D700294558 /* UISceen+ZZExtension.swift */,
				1014D0302293A6D700294558 /* UIButton+ZZExtension.swift */,
				1014D0312293A6D700294558 /* UIAlertController+ZZExtension.swift */,
			);
			path = ZZUIExtension;
			sourceTree = "<group>";
		};
		1014D0322293A6D700294558 /* Config */ = {
			isa = PBXGroup;
			children = (
				100B6C3B22A1335600C5262C /* AppSetupConfig.swift */,
				1030AA88229CD00B00519CA4 /* TextTableViewCellConfig.swift */,
				100B6C3D22A1341100C5262C /* AppearanceConfig.swift */,
				1030AAC2229FD52C00519CA4 /* NetworkConfig.swift */,
				100B6C3922A1311200C5262C /* HUDConfig.swift */,
				105DBA7022A1731D00F55FE6 /* AppActivityIndicatorConfig.swift */,
				10CAF3CD22A917ED00F20E81 /* SizeColorConfig.swift */,
			);
			path = Config;
			sourceTree = "<group>";
		};
		1014D0332293A6D700294558 /* Network */ = {
			isa = PBXGroup;
			children = (
				1030AAB5229E6CD400519CA4 /* Network.swift */,
				1030AAB9229E7F0E00519CA4 /* UserApi.swift */,
				10CAF38B22A7CC8B00F20E81 /* AuthApi.swift */,
				10CAF3DF22AF7CFC00F20E81 /* DoctorApi.swift */,
			);
			path = Network;
			sourceTree = "<group>";
		};
		1014D0342293A6D700294558 /* Other */ = {
			isa = PBXGroup;
			children = (
				10CAF3CA22A8DF4100F20E81 /* patient-Bridge.h */,
			);
			path = Other;
			sourceTree = "<group>";
		};
		1014D0352293A6D700294558 /* Basic */ = {
			isa = PBXGroup;
			children = (
				1014D0362293A6D700294558 /* ViewModel */,
				1014D0372293A6D700294558 /* Controller */,
				1014D03B2293A6D700294558 /* Model */,
				1014D03D2293A6D700294558 /* View */,
			);
			path = Basic;
			sourceTree = "<group>";
		};
		1014D0362293A6D700294558 /* ViewModel */ = {
			isa = PBXGroup;
			children = (
				1030AA93229CFAE300519CA4 /* BaseViewModel.swift */,
			);
			path = ViewModel;
			sourceTree = "<group>";
		};
		1014D0372293A6D700294558 /* Controller */ = {
			isa = PBXGroup;
			children = (
				1014D0382293A6D700294558 /* BaseTabBarController.swift */,
				1014D0392293A6D700294558 /* BaseController.swift */,
				1014D03A2293A6D700294558 /* BaseNavigationController.swift */,
			);
			path = Controller;
			sourceTree = "<group>";
		};
		1014D03B2293A6D700294558 /* Model */ = {
			isa = PBXGroup;
			children = (
				1014D03C2293A6D700294558 /* BaseModel.swift */,
			);
			path = Model;
			sourceTree = "<group>";
		};
		1014D03D2293A6D700294558 /* View */ = {
			isa = PBXGroup;
			children = (
				10CAF3D722AE081B00F20E81 /* BaseView.swift */,
			);
			path = View;
			sourceTree = "<group>";
		};
		1014D03E2293A6D700294558 /* Mine */ = {
			isa = PBXGroup;
			children = (
				1014D03F2293A6D700294558 /* ViewModel */,
				1014D0402293A6D700294558 /* Controller */,
				1014D0422293A6D700294558 /* Model */,
				1014D0432293A6D700294558 /* View */,
			);
			path = Mine;
			sourceTree = "<group>";
		};
		1014D03F2293A6D700294558 /* ViewModel */ = {
			isa = PBXGroup;
			children = (
				1030AA95229CFB2D00519CA4 /* MineViewModel.swift */,
				1030AA9D229D17FD00519CA4 /* SettingViewModel.swift */,
			);
			path = ViewModel;
			sourceTree = "<group>";
		};
		1014D0402293A6D700294558 /* Controller */ = {
			isa = PBXGroup;
			children = (
				1014D0412293A6D700294558 /* MineController.swift */,
				1030AA9B229D17DE00519CA4 /* SettingController.swift */,
			);
			path = Controller;
			sourceTree = "<group>";
		};
		1014D0422293A6D700294558 /* Model */ = {
			isa = PBXGroup;
			children = (
			);
			path = Model;
			sourceTree = "<group>";
		};
		1014D0432293A6D700294558 /* View */ = {
			isa = PBXGroup;
			children = (
				1030AAA1229D4B8E00519CA4 /* MineHeaderView.swift */,
			);
			path = View;
			sourceTree = "<group>";
		};
		1014D0442293A6D700294558 /* Main */ = {
			isa = PBXGroup;
			children = (
				1014D0662293A71600294558 /* Controller */,
			);
			path = Main;
			sourceTree = "<group>";
		};
		1014D0452293A6D700294558 /* Vender */ = {
			isa = PBXGroup;
			children = (
				104E3A6B22B79F7A00A84DB2 /* NextGrowingTextView */,
				10CAF3D522AE00B400F20E81 /* LinkedLabel.swift */,
				105DBA7222A6655800F55FE6 /* LogExtension */,
			);
			path = Vender;
			sourceTree = "<group>";
		};
		1014D0662293A71600294558 /* Controller */ = {
			isa = PBXGroup;
			children = (
				1014D0672293A75400294558 /* MainTabBarController.swift */,
			);
			path = Controller;
			sourceTree = "<group>";
		};
		1014D079229CCB0900294558 /* Common */ = {
			isa = PBXGroup;
			children = (
				1030AA98229CFD8100519CA4 /* Model */,
				1014D07A229CCB1000294558 /* View */,
			);
			path = Common;
			sourceTree = "<group>";
		};
		1014D07A229CCB1000294558 /* View */ = {
			isa = PBXGroup;
			children = (
				1030AA86229CCF4700519CA4 /* TextTableViewCell.swift */,
			);
			path = View;
			sourceTree = "<group>";
		};
		1030AA8C229CD19200519CA4 /* Extension */ = {
			isa = PBXGroup;
			children = (
				1030AA8D229CD1AD00519CA4 /* FontExtension.swift */,
				1030AA8F229CD23D00519CA4 /* ColorExtension.swift */,
				1030AA91229CDCB600519CA4 /* TableViewExtension.swift */,
				1030AA9F229D1E5D00519CA4 /* ControllerExtension.swift */,
				1030AAC0229E871600519CA4 /* ViewExtension.swift */,
				10CAF3CF22ADE83D00F20E81 /* ConstraintExtension.swift */,
				104E3A8622B8D61700A84DB2 /* BasicExtension.swift */,
			);
			path = Extension;
			sourceTree = "<group>";
		};
		1030AA98229CFD8100519CA4 /* Model */ = {
			isa = PBXGroup;
			children = (
				10CAF38D22A8B5DF00F20E81 /* PatientInfoModel.swift */,
				10CAF3E222AF9C4D00F20E81 /* DoctorInfoModel.swift */,
				1030AA99229CFD9200519CA4 /* TextActionRow.swift */,
			);
			path = Model;
			sourceTree = "<group>";
		};
		1030AAA8229E6AC500519CA4 /* Login */ = {
			isa = PBXGroup;
			children = (
				1030AAAC229E6ADC00519CA4 /* Controller */,
				1030AAAB229E6AD800519CA4 /* Model */,
				1030AAAA229E6AD400519CA4 /* ViewModel */,
				1030AAA9229E6ACE00519CA4 /* View */,
			);
			path = Login;
			sourceTree = "<group>";
		};
		1030AAA9229E6ACE00519CA4 /* View */ = {
			isa = PBXGroup;
			children = (
				10CAF3D322ADFCB200F20E81 /* GetRealNameTipView.swift */,
				10CAF3D922AE21F700F20E81 /* DrawablePanel.swift */,
				10CAF3DB22AE339700F20E81 /* DrawableView.swift */,
			);
			path = View;
			sourceTree = "<group>";
		};
		1030AAAA229E6AD400519CA4 /* ViewModel */ = {
			isa = PBXGroup;
			children = (
				1030AAB1229E6B5A00519CA4 /* LoginViewModel.swift */,
			);
			path = ViewModel;
			sourceTree = "<group>";
		};
		1030AAAB229E6AD800519CA4 /* Model */ = {
			isa = PBXGroup;
			children = (
			);
			path = Model;
			sourceTree = "<group>";
		};
		1030AAAC229E6ADC00519CA4 /* Controller */ = {
			isa = PBXGroup;
			children = (
				1030AAAD229E6AF500519CA4 /* LoginController.swift */,
				10CAF3CB22A90BC400F20E81 /* GetIDCardPicturesController.swift */,
			);
			path = Controller;
			sourceTree = "<group>";
		};
		1030AABB229E864900519CA4 /* Views */ = {
			isa = PBXGroup;
			children = (
				1030AABE229E868F00519CA4 /* InputFieldView.swift */,
				100B6C3F22A145BD00C5262C /* ZZHud.swift */,
			);
			path = Views;
			sourceTree = "<group>";
		};
		104E3A6B22B79F7A00A84DB2 /* NextGrowingTextView */ = {
			isa = PBXGroup;
			children = (
				104E3A7122B7A6F600A84DB2 /* NextGrowingInternalTextView.swift */,
				104E3A7222B7A6F600A84DB2 /* NextGrowingTextView.swift */,
			);
			path = NextGrowingTextView;
			sourceTree = "<group>";
		};
		104E3A7B22B892E800A84DB2 /* Modules */ = {
			isa = PBXGroup;
			children = (
				1014D0352293A6D700294558 /* Basic */,
				1014D0442293A6D700294558 /* Main */,
				1030AAA8229E6AC500519CA4 /* Login */,
				1014D00F2293A6D700294558 /* Home */,
				1014D03E2293A6D700294558 /* Mine */,
				104E3A7C22B8940E00A84DB2 /* Profile */,
			);
			path = Modules;
			sourceTree = "<group>";
		};
		104E3A7C22B8940E00A84DB2 /* Profile */ = {
			isa = PBXGroup;
			children = (
				104E3A8322B8AA1C00A84DB2 /* View */,
				104E3A8022B8A9B800A84DB2 /* ViewModel */,
				104E3A7F22B8A99B00A84DB2 /* Controller */,
			);
			path = Profile;
			sourceTree = "<group>";
		};
		104E3A7F22B8A99B00A84DB2 /* Controller */ = {
			isa = PBXGroup;
			children = (
				104E3A7D22B8A99400A84DB2 /* ProfileController.swift */,
			);
			path = Controller;
			sourceTree = "<group>";
		};
		104E3A8022B8A9B800A84DB2 /* ViewModel */ = {
			isa = PBXGroup;
			children = (
				104E3A8122B8A9E200A84DB2 /* ProfileViewModel.swift */,
			);
			path = ViewModel;
			sourceTree = "<group>";
		};
		104E3A8322B8AA1C00A84DB2 /* View */ = {
			isa = PBXGroup;
			children = (
				104E3A8422B8AA4200A84DB2 /* ProfileHeaderView.swift */,
			);
			path = View;
			sourceTree = "<group>";
		};
		105DBA7222A6655800F55FE6 /* LogExtension */ = {
			isa = PBXGroup;
			children = (
				105DBA7322A6655800F55FE6 /* NSArray+HYBUnicodeReadable.m */,
				105DBA7422A6655800F55FE6 /* NSDictionary+HYBUnicodeReadable.m */,
				105DBA7522A6655800F55FE6 /* NSSet+HYBUnicodeReadable.m */,
				105DBA7622A6655800F55FE6 /* NSArray+HYBUnicodeReadable.h */,
				105DBA7722A6655800F55FE6 /* NSDictionary+HYBUnicodeReadable.h */,
				105DBA7822A6655800F55FE6 /* NSSet+HYBUnicodeReadable.h */,
			);
			path = LogExtension;
			sourceTree = "<group>";
		};
		10CAF38F22A8BB5900F20E81 /* Managers */ = {
			isa = PBXGroup;
			children = (
				10CAF39022A8BB9C00F20E81 /* PatientManager.swift */,
				10CAF3AD22A8DDDC00F20E81 /* WXManager.swift */,
				10CAF3DD22AF42DD00F20E81 /* RCManager.swift */,
			);
			path = Managers;
			sourceTree = "<group>";
		};
		23724EEF2FE00151F84E95C2 /* Pods */ = {
			isa = PBXGroup;
			children = (
				D5D2203C6979B39CBBEBF50F /* Pods-patient.debug.xcconfig */,
				2D6B776BE61F86B4D7A20216 /* Pods-patient.release.xcconfig */,
			);
			path = Pods;
			sourceTree = "<group>";
		};
		63206486C1EFA5B7A6507BB9 /* Frameworks */ = {
			isa = PBXGroup;
			children = (
				10CAF3E422AFAFB600F20E81 /* RongCallKit.framework */,
				E9153057767E54CA68B84852 /* Pods_patient.framework */,
			);
			name = Frameworks;
			sourceTree = "<group>";
		};
/* End PBXGroup section */

/* Begin PBXNativeTarget section */
		1014CF9A229391DF00294558 /* patient */ = {
			isa = PBXNativeTarget;
			buildConfigurationList = 1014CFAD229391E200294558 /* Build configuration list for PBXNativeTarget "patient" */;
			buildPhases = (
				FAFE8841FE0402AD408CACFB /* [CP] Check Pods Manifest.lock */,
				1014CF97229391DF00294558 /* Sources */,
				1014CF98229391DF00294558 /* Frameworks */,
				1014CF99229391DF00294558 /* Resources */,
				5AFBB6D0E3CBDC17B77D6B02 /* [CP] Embed Pods Frameworks */,
				D155C1929C38D140A2905686 /* [CP] Copy Pods Resources */,
			);
			buildRules = (
			);
			dependencies = (
			);
			name = patient;
			productName = patient;
			productReference = 1014CF9B229391DF00294558 /* patient.app */;
			productType = "com.apple.product-type.application";
		};
/* End PBXNativeTarget section */

/* Begin PBXProject section */
		1014CF93229391DF00294558 /* Project object */ = {
			isa = PBXProject;
			attributes = {
				LastSwiftUpdateCheck = 1020;
				LastUpgradeCheck = 1020;
				ORGANIZATIONNAME = sphr;
				TargetAttributes = {
					1014CF9A229391DF00294558 = {
						CreatedOnToolsVersion = 10.2.1;
					};
				};
			};
			buildConfigurationList = 1014CF96229391DF00294558 /* Build configuration list for PBXProject "patient" */;
			compatibilityVersion = "Xcode 9.3";
			developmentRegion = en;
			hasScannedForEncodings = 0;
			knownRegions = (
				en,
				Base,
			);
			mainGroup = 1014CF92229391DF00294558;
			productRefGroup = 1014CF9C229391DF00294558 /* Products */;
			projectDirPath = "";
			projectRoot = "";
			targets = (
				1014CF9A229391DF00294558 /* patient */,
			);
		};
/* End PBXProject section */

/* Begin PBXResourcesBuildPhase section */
		1014CF99229391DF00294558 /* Resources */ = {
			isa = PBXResourcesBuildPhase;
			buildActionMask = 2147483647;
			files = (
				1014CFA6229391E200294558 /* Assets.xcassets in Resources */,
			);
			runOnlyForDeploymentPostprocessing = 0;
		};
/* End PBXResourcesBuildPhase section */

/* Begin PBXShellScriptBuildPhase section */
		5AFBB6D0E3CBDC17B77D6B02 /* [CP] Embed Pods Frameworks */ = {
			isa = PBXShellScriptBuildPhase;
			buildActionMask = 2147483647;
			files = (
			);
			inputFileListPaths = (
				"${PODS_ROOT}/Target Support Files/Pods-patient/Pods-patient-frameworks-${CONFIGURATION}-input-files.xcfilelist",
			);
			name = "[CP] Embed Pods Frameworks";
			outputFileListPaths = (
				"${PODS_ROOT}/Target Support Files/Pods-patient/Pods-patient-frameworks-${CONFIGURATION}-output-files.xcfilelist",
			);
			runOnlyForDeploymentPostprocessing = 0;
			shellPath = /bin/sh;
			shellScript = "\"${PODS_ROOT}/Target Support Files/Pods-patient/Pods-patient-frameworks.sh\"\n";
			showEnvVarsInLog = 0;
		};
		D155C1929C38D140A2905686 /* [CP] Copy Pods Resources */ = {
			isa = PBXShellScriptBuildPhase;
			buildActionMask = 2147483647;
			files = (
			);
			inputFileListPaths = (
				"${PODS_ROOT}/Target Support Files/Pods-patient/Pods-patient-resources-${CONFIGURATION}-input-files.xcfilelist",
			);
			name = "[CP] Copy Pods Resources";
			outputFileListPaths = (
				"${PODS_ROOT}/Target Support Files/Pods-patient/Pods-patient-resources-${CONFIGURATION}-output-files.xcfilelist",
			);
			runOnlyForDeploymentPostprocessing = 0;
			shellPath = /bin/sh;
			shellScript = "\"${PODS_ROOT}/Target Support Files/Pods-patient/Pods-patient-resources.sh\"\n";
			showEnvVarsInLog = 0;
		};
		FAFE8841FE0402AD408CACFB /* [CP] Check Pods Manifest.lock */ = {
			isa = PBXShellScriptBuildPhase;
			buildActionMask = 2147483647;
			files = (
			);
			inputFileListPaths = (
			);
			inputPaths = (
				"${PODS_PODFILE_DIR_PATH}/Podfile.lock",
				"${PODS_ROOT}/Manifest.lock",
			);
			name = "[CP] Check Pods Manifest.lock";
			outputFileListPaths = (
			);
			outputPaths = (
				"$(DERIVED_FILE_DIR)/Pods-patient-checkManifestLockResult.txt",
			);
			runOnlyForDeploymentPostprocessing = 0;
			shellPath = /bin/sh;
			shellScript = "diff \"${PODS_PODFILE_DIR_PATH}/Podfile.lock\" \"${PODS_ROOT}/Manifest.lock\" > /dev/null\nif [ $? != 0 ] ; then\n    # print error to STDERR\n    echo \"error: The sandbox is not in sync with the Podfile.lock. Run 'pod install' or update your CocoaPods installation.\" >&2\n    exit 1\nfi\n# This output is used by Xcode 'outputs' to avoid re-running this script phase.\necho \"SUCCESS\" > \"${SCRIPT_OUTPUT_FILE_0}\"\n";
			showEnvVarsInLog = 0;
		};
/* End PBXShellScriptBuildPhase section */

/* Begin PBXSourcesBuildPhase section */
		1014CF97229391DF00294558 /* Sources */ = {
			isa = PBXSourcesBuildPhase;
			buildActionMask = 2147483647;
			files = (
				1014D0522293A6D700294558 /* UIViewController+ZZExtension.swift in Sources */,
				1030AAB6229E6CD400519CA4 /* Network.swift in Sources */,
				100B6C3A22A1311200C5262C /* HUDConfig.swift in Sources */,
				10CAF38E22A8B5DF00F20E81 /* PatientInfoModel.swift in Sources */,
				1014D0572293A6D700294558 /* UILabel+ZZExtension.swift in Sources */,
				1014D04F2293A6D700294558 /* Date+ZZExtension.swift in Sources */,
				1014D04D2293A6D700294558 /* Data+ZZExtension.swift in Sources */,
				104E3A7E22B8A99500A84DB2 /* ProfileController.swift in Sources */,
				1030AAA0229D1E5D00519CA4 /* ControllerExtension.swift in Sources */,
				1014D0612293A6D700294558 /* BaseTabBarController.swift in Sources */,
				1014D0592293A6D700294558 /* UIFont+ZZExtension.swift in Sources */,
				104E3A7322B7A6F600A84DB2 /* NextGrowingInternalTextView.swift in Sources */,
				1014D05C2293A6D700294558 /* UIScrollView+ZZExtension.swift in Sources */,
				1014D0582293A6D700294558 /* UIImageView+ZZExtension.swift in Sources */,
				104E3A8222B8A9E200A84DB2 /* ProfileViewModel.swift in Sources */,
				10CAF3DC22AE339700F20E81 /* DrawableView.swift in Sources */,
				1014D0492293A6D700294558 /* Timer+ZZExtension.swift in Sources */,
				10CAF3DE22AF42DD00F20E81 /* RCManager.swift in Sources */,
				1014D05F2293A6D700294558 /* UIButton+ZZExtension.swift in Sources */,
				1014D05B2293A6D700294558 /* UIDevice+ZZExtension.swift in Sources */,
				10CAF3D822AE081B00F20E81 /* BaseView.swift in Sources */,
				100B6C4022A145BD00C5262C /* ZZHud.swift in Sources */,
				104E3A8522B8AA4200A84DB2 /* ProfileHeaderView.swift in Sources */,
				10CAF3DA22AE21F700F20E81 /* DrawablePanel.swift in Sources */,
				1030AA9C229D17DF00519CA4 /* SettingController.swift in Sources */,
				1030AABF229E868F00519CA4 /* InputFieldView.swift in Sources */,
				10CAF3AE22A8DDDC00F20E81 /* WXManager.swift in Sources */,
				1014D04B2293A6D700294558 /* String+ZZExtension.swift in Sources */,
				10CAF3CE22A917ED00F20E81 /* SizeColorConfig.swift in Sources */,
				1030AA92229CDCB600519CA4 /* TableViewExtension.swift in Sources */,
				1014D0652293A6D700294558 /* MineController.swift in Sources */,
				1014D04A2293A6D700294558 /* DispatchQueue+ZZExtension.swift in Sources */,
				10CAF38C22A7CC8B00F20E81 /* AuthApi.swift in Sources */,
				1014D0552293A6D700294558 /* UIApplication+ZZExtension.swift in Sources */,
				1014D0512293A6D700294558 /* Calendar+ZZExtension.swift in Sources */,
				1014D0682293A75400294558 /* MainTabBarController.swift in Sources */,
				104E3A8722B8D61800A84DB2 /* BasicExtension.swift in Sources */,
				1030AABA229E7F0E00519CA4 /* UserApi.swift in Sources */,
				1030AA9E229D17FD00519CA4 /* SettingViewModel.swift in Sources */,
				100B6C3C22A1335600C5262C /* AppSetupConfig.swift in Sources */,
				10CAF3D022ADE83D00F20E81 /* ConstraintExtension.swift in Sources */,
				10CAF3CC22A90BC400F20E81 /* GetIDCardPicturesController.swift in Sources */,
				10CAF3E322AF9C4D00F20E81 /* DoctorInfoModel.swift in Sources */,
				1014D0462293A6D700294558 /* HomeController.swift in Sources */,
				1030AA89229CD00B00519CA4 /* TextTableViewCellConfig.swift in Sources */,
				100B6C3E22A1341100C5262C /* AppearanceConfig.swift in Sources */,
				1030AA8E229CD1AD00519CA4 /* FontExtension.swift in Sources */,
				1030AA94229CFAE300519CA4 /* BaseViewModel.swift in Sources */,
				1014CF9F229391DF00294558 /* AppDelegate.swift in Sources */,
				105DBA7A22A6655800F55FE6 /* NSDictionary+HYBUnicodeReadable.m in Sources */,
				1014D0472293A6D700294558 /* DateFormatter+ZZExtension.swift in Sources */,
				1014D05E2293A6D700294558 /* UISceen+ZZExtension.swift in Sources */,
				10CAF3E022AF7CFC00F20E81 /* DoctorApi.swift in Sources */,
				1030AAC3229FD52C00519CA4 /* NetworkConfig.swift in Sources */,
				10CAF3D422ADFCB200F20E81 /* GetRealNameTipView.swift in Sources */,
				1014D0482293A6D700294558 /* NSNumber+ZZExtension.swift in Sources */,
				105DBA7B22A6655800F55FE6 /* NSSet+HYBUnicodeReadable.m in Sources */,
				1014D0502293A6D700294558 /* NSObject+ZZExtension.swift in Sources */,
				1014D0602293A6D700294558 /* UIAlertController+ZZExtension.swift in Sources */,
				10CAF3D622AE00B400F20E81 /* LinkedLabel.swift in Sources */,
				1014D0642293A6D700294558 /* BaseModel.swift in Sources */,
				1014D0622293A6D700294558 /* BaseController.swift in Sources */,
				1030AAAE229E6AF500519CA4 /* LoginController.swift in Sources */,
				1030AAC1229E871600519CA4 /* ViewExtension.swift in Sources */,
				105DBA7122A1731D00F55FE6 /* AppActivityIndicatorConfig.swift in Sources */,
				1014D0532293A6D700294558 /* UIView+ZZExtension.swift in Sources */,
				1030AA9A229CFD9200519CA4 /* TextActionRow.swift in Sources */,
				1014D0542293A6D700294558 /* UIColor+ZZExtension.swift in Sources */,
				1014D0562293A6D700294558 /* UIImage+ZZExtension.swift in Sources */,
				1030AA87229CCF4700519CA4 /* TextTableViewCell.swift in Sources */,
				1030AAA2229D4B8E00519CA4 /* MineHeaderView.swift in Sources */,
				105DBA7922A6655800F55FE6 /* NSArray+HYBUnicodeReadable.m in Sources */,
				1014D05A2293A6D700294558 /* UITextField+ZZExtension.swift in Sources */,
				1030AA96229CFB2D00519CA4 /* MineViewModel.swift in Sources */,
				1030AAB2229E6B5A00519CA4 /* LoginViewModel.swift in Sources */,
				1014D0632293A6D700294558 /* BaseNavigationController.swift in Sources */,
				1014D04C2293A6D700294558 /* CGRect+ZZExtension.swift in Sources */,
				1014D05D2293A6D700294558 /* UITableView+ZZExtension.swift in Sources */,
				104E3A7422B7A6F600A84DB2 /* NextGrowingTextView.swift in Sources */,
				10CAF39122A8BB9C00F20E81 /* PatientManager.swift in Sources */,
				1014D04E2293A6D700294558 /* Locale+ZZExtension.swift in Sources */,
				1030AA90229CD23D00519CA4 /* ColorExtension.swift in Sources */,
			);
			runOnlyForDeploymentPostprocessing = 0;
		};
/* End PBXSourcesBuildPhase section */

/* Begin XCBuildConfiguration section */
		1014CFAB229391E200294558 /* Debug */ = {
			isa = XCBuildConfiguration;
			buildSettings = {
				ALWAYS_SEARCH_USER_PATHS = NO;
				CLANG_ANALYZER_NONNULL = YES;
				CLANG_ANALYZER_NUMBER_OBJECT_CONVERSION = YES_AGGRESSIVE;
				CLANG_CXX_LANGUAGE_STANDARD = "gnu++14";
				CLANG_CXX_LIBRARY = "libc++";
				CLANG_ENABLE_MODULES = YES;
				CLANG_ENABLE_OBJC_ARC = YES;
				CLANG_ENABLE_OBJC_WEAK = YES;
				CLANG_WARN_BLOCK_CAPTURE_AUTORELEASING = YES;
				CLANG_WARN_BOOL_CONVERSION = YES;
				CLANG_WARN_COMMA = YES;
				CLANG_WARN_CONSTANT_CONVERSION = YES;
				CLANG_WARN_DEPRECATED_OBJC_IMPLEMENTATIONS = YES;
				CLANG_WARN_DIRECT_OBJC_ISA_USAGE = YES_ERROR;
				CLANG_WARN_DOCUMENTATION_COMMENTS = YES;
				CLANG_WARN_EMPTY_BODY = YES;
				CLANG_WARN_ENUM_CONVERSION = YES;
				CLANG_WARN_INFINITE_RECURSION = YES;
				CLANG_WARN_INT_CONVERSION = YES;
				CLANG_WARN_NON_LITERAL_NULL_CONVERSION = YES;
				CLANG_WARN_OBJC_IMPLICIT_RETAIN_SELF = YES;
				CLANG_WARN_OBJC_LITERAL_CONVERSION = YES;
				CLANG_WARN_OBJC_ROOT_CLASS = YES_ERROR;
				CLANG_WARN_RANGE_LOOP_ANALYSIS = YES;
				CLANG_WARN_STRICT_PROTOTYPES = YES;
				CLANG_WARN_SUSPICIOUS_MOVE = YES;
				CLANG_WARN_UNGUARDED_AVAILABILITY = YES_AGGRESSIVE;
				CLANG_WARN_UNREACHABLE_CODE = YES;
				CLANG_WARN__DUPLICATE_METHOD_MATCH = YES;
				CODE_SIGN_IDENTITY = "iPhone Developer";
				COPY_PHASE_STRIP = NO;
				DEBUG_INFORMATION_FORMAT = dwarf;
				ENABLE_STRICT_OBJC_MSGSEND = YES;
				ENABLE_TESTABILITY = YES;
				GCC_C_LANGUAGE_STANDARD = gnu11;
				GCC_DYNAMIC_NO_PIC = NO;
				GCC_NO_COMMON_BLOCKS = YES;
				GCC_OPTIMIZATION_LEVEL = 0;
				GCC_PREPROCESSOR_DEFINITIONS = (
					"DEBUG=1",
					"$(inherited)",
				);
				GCC_WARN_64_TO_32_BIT_CONVERSION = YES;
				GCC_WARN_ABOUT_RETURN_TYPE = YES_ERROR;
				GCC_WARN_UNDECLARED_SELECTOR = YES;
				GCC_WARN_UNINITIALIZED_AUTOS = YES_AGGRESSIVE;
				GCC_WARN_UNUSED_FUNCTION = YES;
				GCC_WARN_UNUSED_VARIABLE = YES;
				IPHONEOS_DEPLOYMENT_TARGET = 12.2;
				MTL_ENABLE_DEBUG_INFO = INCLUDE_SOURCE;
				MTL_FAST_MATH = YES;
				ONLY_ACTIVE_ARCH = YES;
				SDKROOT = iphoneos;
				SWIFT_ACTIVE_COMPILATION_CONDITIONS = DEBUG;
				SWIFT_OPTIMIZATION_LEVEL = "-Onone";
			};
			name = Debug;
		};
		1014CFAC229391E200294558 /* Release */ = {
			isa = XCBuildConfiguration;
			buildSettings = {
				ALWAYS_SEARCH_USER_PATHS = NO;
				CLANG_ANALYZER_NONNULL = YES;
				CLANG_ANALYZER_NUMBER_OBJECT_CONVERSION = YES_AGGRESSIVE;
				CLANG_CXX_LANGUAGE_STANDARD = "gnu++14";
				CLANG_CXX_LIBRARY = "libc++";
				CLANG_ENABLE_MODULES = YES;
				CLANG_ENABLE_OBJC_ARC = YES;
				CLANG_ENABLE_OBJC_WEAK = YES;
				CLANG_WARN_BLOCK_CAPTURE_AUTORELEASING = YES;
				CLANG_WARN_BOOL_CONVERSION = YES;
				CLANG_WARN_COMMA = YES;
				CLANG_WARN_CONSTANT_CONVERSION = YES;
				CLANG_WARN_DEPRECATED_OBJC_IMPLEMENTATIONS = YES;
				CLANG_WARN_DIRECT_OBJC_ISA_USAGE = YES_ERROR;
				CLANG_WARN_DOCUMENTATION_COMMENTS = YES;
				CLANG_WARN_EMPTY_BODY = YES;
				CLANG_WARN_ENUM_CONVERSION = YES;
				CLANG_WARN_INFINITE_RECURSION = YES;
				CLANG_WARN_INT_CONVERSION = YES;
				CLANG_WARN_NON_LITERAL_NULL_CONVERSION = YES;
				CLANG_WARN_OBJC_IMPLICIT_RETAIN_SELF = YES;
				CLANG_WARN_OBJC_LITERAL_CONVERSION = YES;
				CLANG_WARN_OBJC_ROOT_CLASS = YES_ERROR;
				CLANG_WARN_RANGE_LOOP_ANALYSIS = YES;
				CLANG_WARN_STRICT_PROTOTYPES = YES;
				CLANG_WARN_SUSPICIOUS_MOVE = YES;
				CLANG_WARN_UNGUARDED_AVAILABILITY = YES_AGGRESSIVE;
				CLANG_WARN_UNREACHABLE_CODE = YES;
				CLANG_WARN__DUPLICATE_METHOD_MATCH = YES;
				CODE_SIGN_IDENTITY = "iPhone Developer";
				COPY_PHASE_STRIP = NO;
				DEBUG_INFORMATION_FORMAT = "dwarf-with-dsym";
				ENABLE_NS_ASSERTIONS = NO;
				ENABLE_STRICT_OBJC_MSGSEND = YES;
				GCC_C_LANGUAGE_STANDARD = gnu11;
				GCC_NO_COMMON_BLOCKS = YES;
				GCC_WARN_64_TO_32_BIT_CONVERSION = YES;
				GCC_WARN_ABOUT_RETURN_TYPE = YES_ERROR;
				GCC_WARN_UNDECLARED_SELECTOR = YES;
				GCC_WARN_UNINITIALIZED_AUTOS = YES_AGGRESSIVE;
				GCC_WARN_UNUSED_FUNCTION = YES;
				GCC_WARN_UNUSED_VARIABLE = YES;
				IPHONEOS_DEPLOYMENT_TARGET = 12.2;
				MTL_ENABLE_DEBUG_INFO = NO;
				MTL_FAST_MATH = YES;
				SDKROOT = iphoneos;
				SWIFT_COMPILATION_MODE = wholemodule;
				SWIFT_OPTIMIZATION_LEVEL = "-O";
				VALIDATE_PRODUCT = YES;
			};
			name = Release;
		};
		1014CFAE229391E200294558 /* Debug */ = {
			isa = XCBuildConfiguration;
			baseConfigurationReference = D5D2203C6979B39CBBEBF50F /* Pods-patient.debug.xcconfig */;
			buildSettings = {
				ASSETCATALOG_COMPILER_APPICON_NAME = AppIcon;
				ASSETCATALOG_COMPILER_LAUNCHIMAGE_NAME = LaunchImage;
				CODE_SIGN_STYLE = Automatic;
				DEVELOPMENT_TEAM = GG8NZVPWNG;
				ENABLE_BITCODE = NO;
				FRAMEWORK_SEARCH_PATHS = (
					"$(inherited)",
					"$(PROJECT_DIR)/Pods/RongCloudRTC/RongCloudRTC",
				);
				INFOPLIST_FILE = patient/Info.plist;
				IPHONEOS_DEPLOYMENT_TARGET = 10.0;
				LD_RUNPATH_SEARCH_PATHS = (
					"$(inherited)",
					"@executable_path/Frameworks",
				);
				PRODUCT_BUNDLE_IDENTIFIER = com.lightheart.sphr.patient;
				PRODUCT_NAME = "$(TARGET_NAME)";
				SWIFT_OBJC_BRIDGING_HEADER = "${SRCROOT}/patient/Class/Other/patient-Bridge.h";
				SWIFT_VERSION = 5.0;
				TARGETED_DEVICE_FAMILY = "1,2";
			};
			name = Debug;
		};
		1014CFAF229391E200294558 /* Release */ = {
			isa = XCBuildConfiguration;
			baseConfigurationReference = 2D6B776BE61F86B4D7A20216 /* Pods-patient.release.xcconfig */;
			buildSettings = {
				ASSETCATALOG_COMPILER_APPICON_NAME = AppIcon;
				ASSETCATALOG_COMPILER_LAUNCHIMAGE_NAME = LaunchImage;
				CODE_SIGN_STYLE = Automatic;
				DEVELOPMENT_TEAM = GG8NZVPWNG;
				ENABLE_BITCODE = NO;
				FRAMEWORK_SEARCH_PATHS = (
					"$(inherited)",
					"$(PROJECT_DIR)/Pods/RongCloudRTC/RongCloudRTC",
				);
				INFOPLIST_FILE = patient/Info.plist;
				IPHONEOS_DEPLOYMENT_TARGET = 10.0;
				LD_RUNPATH_SEARCH_PATHS = (
					"$(inherited)",
					"@executable_path/Frameworks",
				);
				PRODUCT_BUNDLE_IDENTIFIER = com.lightheart.sphr.patient;
				PRODUCT_NAME = "$(TARGET_NAME)";
				SWIFT_OBJC_BRIDGING_HEADER = "${SRCROOT}/patient/Class/Other/patient-Bridge.h";
				SWIFT_VERSION = 5.0;
				TARGETED_DEVICE_FAMILY = "1,2";
			};
			name = Release;
		};
/* End XCBuildConfiguration section */

/* Begin XCConfigurationList section */
		1014CF96229391DF00294558 /* Build configuration list for PBXProject "patient" */ = {
			isa = XCConfigurationList;
			buildConfigurations = (
				1014CFAB229391E200294558 /* Debug */,
				1014CFAC229391E200294558 /* Release */,
			);
			defaultConfigurationIsVisible = 0;
			defaultConfigurationName = Release;
		};
		1014CFAD229391E200294558 /* Build configuration list for PBXNativeTarget "patient" */ = {
			isa = XCConfigurationList;
			buildConfigurations = (
				1014CFAE229391E200294558 /* Debug */,
				1014CFAF229391E200294558 /* Release */,
			);
			defaultConfigurationIsVisible = 0;
			defaultConfigurationName = Release;
		};
/* End XCConfigurationList section */
	};
	rootObject = 1014CF93229391DF00294558 /* Project object */;
}
